Microsoft Visual Studio Solution File, Format Version 12.00
# Visual Studio Version 17
VisualStudioVersion = 17.5.2.0
MinimumVisualStudioVersion = 10.0.40219.1
Project("{FAE04EC0-301F-11D3-BF4B-00C04F79EFBC}") = "Study5", "Study5.csproj", "{A43E822E-FBD4-BB46-851A-D10480F81412}"
EndProject
Project("{FAE04EC0-301F-11D3-BF4B-00C04F79EFBC}") = "Loading", "..\Loading\Loading.csproj", "{0FBAA0E0-38F6-4362-A102-244FE3B04A87}"
EndProject
Project("{FAE04EC0-301F-11D3-BF4B-00C04F79EFBC}") = "studyReadLine", "..\studyReadLine\studyReadLine.csproj", "{7DC4A160-60D9-45D1-8504-F48B31D6175E}"
EndProject
Global
	GlobalSection(SolutionConfigurationPlatforms) = preSolution
		Debug|Any CPU = Debug|Any CPU
		Release|Any CPU = Release|Any CPU
	EndGlobalSection
	GlobalSection(ProjectConfigurationPlatforms) = postSolution
		{A43E822E-FBD4-BB46-851A-D10480F81412}.Debug|Any CPU.ActiveCfg = Debug|Any CPU
		{A43E822E-FBD4-BB46-851A-D10480F81412}.Debug|Any CPU.Build.0 = Debug|Any CPU
		{A43E822E-FBD4-BB46-851A-D10480F81412}.Release|Any CPU.ActiveCfg = Release|Any CPU
		{A43E822E-FBD4-BB46-851A-D10480F81412}.Release|Any CPU.Build.0 = Release|Any CPU
		{0FBAA0E0-38F6-4362-A102-244FE3B04A87}.Debug|Any CPU.ActiveCfg = Debug|Any CPU
		{0FBAA0E0-38F6-4362-A102-244FE3B04A87}.Debug|Any CPU.Build.0 = Debug|Any CPU
		{0FBAA0E0-38F6-4362-A102-244FE3B04A87}.Release|Any CPU.ActiveCfg = Release|Any CPU
		{0FBAA0E0-38F6-4362-A102-244FE3B04A87}.Release|Any CPU.Build.0 = Release|Any CPU
		{7DC4A160-60D9-45D1-8504-F48B31D6175E}.Debug|Any CPU.ActiveCfg = Debug|Any CPU
		{7DC4A160-60D9-45D1-8504-F48B31D6175E}.Debug|Any CPU.Build.0 = Debug|Any CPU
		{7DC4A160-60D9-45D1-8504-F48B31D6175E}.Release|Any CPU.ActiveCfg = Release|Any CPU
		{7DC4A160-60D9-45D1-8504-F48B31D6175E}.Release|Any CPU.Build.0 = Release|Any CPU
	EndGlobalSection
	GlobalSection(SolutionProperties) = preSolution
		HideSolutionNode = FALSE
	EndGlobalSection
	GlobalSection(ExtensibilityGlobals) = postSolution
		SolutionGuid = {C3B075B9-9542-4275-9E66-B9FD44D8E799}
	EndGlobalSection
EndGlobal
