Microsoft Visual Studio Solution File, Format Version 12.00
# Visual Studio Version 17
VisualStudioVersion = 17.5.2.0
MinimumVisualStudioVersion = 10.0.40219.1
Project("{FAE04EC0-301F-11D3-BF4B-00C04F79EFBC}") = "Study20", "Study20.csproj", "{BED3BA7D-5E70-37A3-B39E-3EA9D7BCA174}"
EndProject
Project("{FAE04EC0-301F-11D3-BF4B-00C04F79EFBC}") = "Study20q", "..\Study20q\Study20q.csproj", "{4955BB72-2EA2-42BF-8BCC-09DB4F140F92}"
EndProject
Global
	GlobalSection(SolutionConfigurationPlatforms) = preSolution
		Debug|Any CPU = Debug|Any CPU
		Release|Any CPU = Release|Any CPU
	EndGlobalSection
	GlobalSection(ProjectConfigurationPlatforms) = postSolution
		{BED3BA7D-5E70-37A3-B39E-3EA9D7BCA174}.Debug|Any CPU.ActiveCfg = Debug|Any CPU
		{BED3BA7D-5E70-37A3-B39E-3EA9D7BCA174}.Debug|Any CPU.Build.0 = Debug|Any CPU
		{BED3BA7D-5E70-37A3-B39E-3EA9D7BCA174}.Release|Any CPU.ActiveCfg = Release|Any CPU
		{BED3BA7D-5E70-37A3-B39E-3EA9D7BCA174}.Release|Any CPU.Build.0 = Release|Any CPU
		{4955BB72-2EA2-42BF-8BCC-09DB4F140F92}.Debug|Any CPU.ActiveCfg = Debug|Any CPU
		{4955BB72-2EA2-42BF-8BCC-09DB4F140F92}.Debug|Any CPU.Build.0 = Debug|Any CPU
		{4955BB72-2EA2-42BF-8BCC-09DB4F140F92}.Release|Any CPU.ActiveCfg = Release|Any CPU
		{4955BB72-2EA2-42BF-8BCC-09DB4F140F92}.Release|Any CPU.Build.0 = Release|Any CPU
	EndGlobalSection
	GlobalSection(SolutionProperties) = preSolution
		HideSolutionNode = FALSE
	EndGlobalSection
	GlobalSection(ExtensibilityGlobals) = postSolution
		SolutionGuid = {76E2BE48-C66C-4FB6-8847-933E99701C21}
	EndGlobalSection
EndGlobal
