Microsoft Visual Studio Solution File, Format Version 12.00
# Visual Studio Version 17
VisualStudioVersion = 17.5.2.0
MinimumVisualStudioVersion = 10.0.40219.1
Project("{FAE04EC0-301F-11D3-BF4B-00C04F79EFBC}") = "Study23", "Study23.csproj", "{702C6967-B225-A0AC-276E-4BF32B4AE2D2}"
EndProject
Project("{FAE04EC0-301F-11D3-BF4B-00C04F79EFBC}") = "Study24", "..\Study24\Study24.csproj", "{ABD1857E-F8B0-4A25-9410-484BD0B92011}"
EndProject
Global
	GlobalSection(SolutionConfigurationPlatforms) = preSolution
		Debug|Any CPU = Debug|Any CPU
		Release|Any CPU = Release|Any CPU
	EndGlobalSection
	GlobalSection(ProjectConfigurationPlatforms) = postSolution
		{702C6967-B225-A0AC-276E-4BF32B4AE2D2}.Debug|Any CPU.ActiveCfg = Debug|Any CPU
		{702C6967-B225-A0AC-276E-4BF32B4AE2D2}.Debug|Any CPU.Build.0 = Debug|Any CPU
		{702C6967-B225-A0AC-276E-4BF32B4AE2D2}.Release|Any CPU.ActiveCfg = Release|Any CPU
		{702C6967-B225-A0AC-276E-4BF32B4AE2D2}.Release|Any CPU.Build.0 = Release|Any CPU
		{ABD1857E-F8B0-4A25-9410-484BD0B92011}.Debug|Any CPU.ActiveCfg = Debug|Any CPU
		{ABD1857E-F8B0-4A25-9410-484BD0B92011}.Debug|Any CPU.Build.0 = Debug|Any CPU
		{ABD1857E-F8B0-4A25-9410-484BD0B92011}.Release|Any CPU.ActiveCfg = Release|Any CPU
		{ABD1857E-F8B0-4A25-9410-484BD0B92011}.Release|Any CPU.Build.0 = Release|Any CPU
	EndGlobalSection
	GlobalSection(SolutionProperties) = preSolution
		HideSolutionNode = FALSE
	EndGlobalSection
	GlobalSection(ExtensibilityGlobals) = postSolution
		SolutionGuid = {29DED6B0-EFC8-45CF-902B-4B8D72D94CA2}
	EndGlobalSection
EndGlobal
