Microsoft Visual Studio Solution File, Format Version 12.00
# Visual Studio Version 17
VisualStudioVersion = 17.5.2.0
MinimumVisualStudioVersion = 10.0.40219.1
Project("{FAE04EC0-301F-11D3-BF4B-00C04F79EFBC}") = "Study10", "Study10.csproj", "{0E943396-4A10-9B52-B07E-80A9F6E9723D}"
EndProject
Project("{FAE04EC0-301F-11D3-BF4B-00C04F79EFBC}") = "bingo", "..\bingo\bingo.csproj", "{EF882C9F-9873-43E3-A5F9-78D914C16E61}"
EndProject
Global
	GlobalSection(SolutionConfigurationPlatforms) = preSolution
		Debug|Any CPU = Debug|Any CPU
		Release|Any CPU = Release|Any CPU
	EndGlobalSection
	GlobalSection(ProjectConfigurationPlatforms) = postSolution
		{0E943396-4A10-9B52-B07E-80A9F6E9723D}.Debug|Any CPU.ActiveCfg = Debug|Any CPU
		{0E943396-4A10-9B52-B07E-80A9F6E9723D}.Debug|Any CPU.Build.0 = Debug|Any CPU
		{0E943396-4A10-9B52-B07E-80A9F6E9723D}.Release|Any CPU.ActiveCfg = Release|Any CPU
		{0E943396-4A10-9B52-B07E-80A9F6E9723D}.Release|Any CPU.Build.0 = Release|Any CPU
		{EF882C9F-9873-43E3-A5F9-78D914C16E61}.Debug|Any CPU.ActiveCfg = Debug|Any CPU
		{EF882C9F-9873-43E3-A5F9-78D914C16E61}.Debug|Any CPU.Build.0 = Debug|Any CPU
		{EF882C9F-9873-43E3-A5F9-78D914C16E61}.Release|Any CPU.ActiveCfg = Release|Any CPU
		{EF882C9F-9873-43E3-A5F9-78D914C16E61}.Release|Any CPU.Build.0 = Release|Any CPU
	EndGlobalSection
	GlobalSection(SolutionProperties) = preSolution
		HideSolutionNode = FALSE
	EndGlobalSection
	GlobalSection(ExtensibilityGlobals) = postSolution
		SolutionGuid = {982B71D6-3F8B-4586-9C83-144BA5E4DA6C}
	EndGlobalSection
EndGlobal
