Microsoft Visual Studio Solution File, Format Version 12.00
# Visual Studio Version 17
VisualStudioVersion = 17.5.2.0
MinimumVisualStudioVersion = 10.0.40219.1
Project("{FAE04EC0-301F-11D3-BF4B-00C04F79EFBC}") = "LikeLion", "LikeLion.csproj", "{0B07184E-EFDD-E6DE-70BD-49A52F055EAB}"
EndProject
Global
	GlobalSection(SolutionConfigurationPlatforms) = preSolution
		Debug|Any CPU = Debug|Any CPU
		Release|Any CPU = Release|Any CPU
	EndGlobalSection
	GlobalSection(ProjectConfigurationPlatforms) = postSolution
		{0B07184E-EFDD-E6DE-70BD-49A52F055EAB}.Debug|Any CPU.ActiveCfg = Debug|Any CPU
		{0B07184E-EFDD-E6DE-70BD-49A52F055EAB}.Debug|Any CPU.Build.0 = Debug|Any CPU
		{0B07184E-EFDD-E6DE-70BD-49A52F055EAB}.Release|Any CPU.ActiveCfg = Release|Any CPU
		{0B07184E-EFDD-E6DE-70BD-49A52F055EAB}.Release|Any CPU.Build.0 = Release|Any CPU
	EndGlobalSection
	GlobalSection(SolutionProperties) = preSolution
		HideSolutionNode = FALSE
	EndGlobalSection
	GlobalSection(ExtensibilityGlobals) = postSolution
		SolutionGuid = {BB782E43-5DD3-41A4-93FB-E89C83565576}
	EndGlobalSection
EndGlobal
