Microsoft Visual Studio Solution File, Format Version 12.00
# Visual Studio Version 17
VisualStudioVersion = 17.5.2.0
MinimumVisualStudioVersion = 10.0.40219.1
Project("{FAE04EC0-301F-11D3-BF4B-00C04F79EFBC}") = "studyReadLine", "studyReadLine.csproj", "{1DD1ADD0-D53C-1AAE-121F-9124100566B8}"
EndProject
Project("{FAE04EC0-301F-11D3-BF4B-00C04F79EFBC}") = "TodayTask1", "..\TodayTask1\TodayTask1.csproj", "{5ADAF6DC-DB47-4B00-9F16-A1A2BD6C238C}"
EndProject
Global
	GlobalSection(SolutionConfigurationPlatforms) = preSolution
		Debug|Any CPU = Debug|Any CPU
		Release|Any CPU = Release|Any CPU
	EndGlobalSection
	GlobalSection(ProjectConfigurationPlatforms) = postSolution
		{1DD1ADD0-D53C-1AAE-121F-9124100566B8}.Debug|Any CPU.ActiveCfg = Debug|Any CPU
		{1DD1ADD0-D53C-1AAE-121F-9124100566B8}.Debug|Any CPU.Build.0 = Debug|Any CPU
		{1DD1ADD0-D53C-1AAE-121F-9124100566B8}.Release|Any CPU.ActiveCfg = Release|Any CPU
		{1DD1ADD0-D53C-1AAE-121F-9124100566B8}.Release|Any CPU.Build.0 = Release|Any CPU
		{5ADAF6DC-DB47-4B00-9F16-A1A2BD6C238C}.Debug|Any CPU.ActiveCfg = Debug|Any CPU
		{5ADAF6DC-DB47-4B00-9F16-A1A2BD6C238C}.Debug|Any CPU.Build.0 = Debug|Any CPU
		{5ADAF6DC-DB47-4B00-9F16-A1A2BD6C238C}.Release|Any CPU.ActiveCfg = Release|Any CPU
		{5ADAF6DC-DB47-4B00-9F16-A1A2BD6C238C}.Release|Any CPU.Build.0 = Release|Any CPU
	EndGlobalSection
	GlobalSection(SolutionProperties) = preSolution
		HideSolutionNode = FALSE
	EndGlobalSection
	GlobalSection(ExtensibilityGlobals) = postSolution
		SolutionGuid = {3863F5E6-0516-482E-9C9A-EC3301E8C8CE}
	EndGlobalSection
EndGlobal
