Microsoft Visual Studio Solution File, Format Version 12.00
# Visual Studio Version 17
VisualStudioVersion = 17.5.2.0
MinimumVisualStudioVersion = 10.0.40219.1
Project("{FAE04EC0-301F-11D3-BF4B-00C04F79EFBC}") = "Event", "Event.csproj", "{F971A1E6-1B3D-0EF4-C72C-43B447C6D647}"
EndProject
Project("{FAE04EC0-301F-11D3-BF4B-00C04F79EFBC}") = "Action", "..\Action\Action.csproj", "{4D7E2ACF-B500-4E95-82C7-A840FC8E6BCB}"
EndProject
Global
	GlobalSection(SolutionConfigurationPlatforms) = preSolution
		Debug|Any CPU = Debug|Any CPU
		Release|Any CPU = Release|Any CPU
	EndGlobalSection
	GlobalSection(ProjectConfigurationPlatforms) = postSolution
		{F971A1E6-1B3D-0EF4-C72C-43B447C6D647}.Debug|Any CPU.ActiveCfg = Debug|Any CPU
		{F971A1E6-1B3D-0EF4-C72C-43B447C6D647}.Debug|Any CPU.Build.0 = Debug|Any CPU
		{F971A1E6-1B3D-0EF4-C72C-43B447C6D647}.Release|Any CPU.ActiveCfg = Release|Any CPU
		{F971A1E6-1B3D-0EF4-C72C-43B447C6D647}.Release|Any CPU.Build.0 = Release|Any CPU
		{4D7E2ACF-B500-4E95-82C7-A840FC8E6BCB}.Debug|Any CPU.ActiveCfg = Debug|Any CPU
		{4D7E2ACF-B500-4E95-82C7-A840FC8E6BCB}.Debug|Any CPU.Build.0 = Debug|Any CPU
		{4D7E2ACF-B500-4E95-82C7-A840FC8E6BCB}.Release|Any CPU.ActiveCfg = Release|Any CPU
		{4D7E2ACF-B500-4E95-82C7-A840FC8E6BCB}.Release|Any CPU.Build.0 = Release|Any CPU
	EndGlobalSection
	GlobalSection(SolutionProperties) = preSolution
		HideSolutionNode = FALSE
	EndGlobalSection
	GlobalSection(ExtensibilityGlobals) = postSolution
		SolutionGuid = {A07C08F2-31BB-4702-BD57-402593AF1313}
	EndGlobalSection
EndGlobal
