Microsoft Visual Studio Solution File, Format Version 12.00
# Visual Studio Version 17
VisualStudioVersion = 17.5.2.0
MinimumVisualStudioVersion = 10.0.40219.1
Project("{FAE04EC0-301F-11D3-BF4B-00C04F79EFBC}") = "Skillsystemstudy", "Skillsystemstudy.csproj", "{215F6CAB-C7F2-9D93-8CDF-B7F0D8ADB78E}"
EndProject
Project("{FAE04EC0-301F-11D3-BF4B-00C04F79EFBC}") = "250305quest", "..\250305quest\250305quest.csproj", "{895F1FAA-30C3-4780-98CA-96762660A979}"
EndProject
Global
	GlobalSection(SolutionConfigurationPlatforms) = preSolution
		Debug|Any CPU = Debug|Any CPU
		Release|Any CPU = Release|Any CPU
	EndGlobalSection
	GlobalSection(ProjectConfigurationPlatforms) = postSolution
		{215F6CAB-C7F2-9D93-8CDF-B7F0D8ADB78E}.Debug|Any CPU.ActiveCfg = Debug|Any CPU
		{215F6CAB-C7F2-9D93-8CDF-B7F0D8ADB78E}.Debug|Any CPU.Build.0 = Debug|Any CPU
		{215F6CAB-C7F2-9D93-8CDF-B7F0D8ADB78E}.Release|Any CPU.ActiveCfg = Release|Any CPU
		{215F6CAB-C7F2-9D93-8CDF-B7F0D8ADB78E}.Release|Any CPU.Build.0 = Release|Any CPU
		{895F1FAA-30C3-4780-98CA-96762660A979}.Debug|Any CPU.ActiveCfg = Debug|Any CPU
		{895F1FAA-30C3-4780-98CA-96762660A979}.Debug|Any CPU.Build.0 = Debug|Any CPU
		{895F1FAA-30C3-4780-98CA-96762660A979}.Release|Any CPU.ActiveCfg = Release|Any CPU
		{895F1FAA-30C3-4780-98CA-96762660A979}.Release|Any CPU.Build.0 = Release|Any CPU
	EndGlobalSection
	GlobalSection(SolutionProperties) = preSolution
		HideSolutionNode = FALSE
	EndGlobalSection
	GlobalSection(ExtensibilityGlobals) = postSolution
		SolutionGuid = {8CD35724-D8BF-4BEC-AFBA-5EA15F1FE63C}
	EndGlobalSection
EndGlobal
