Microsoft Visual Studio Solution File, Format Version 12.00
# Visual Studio Version 17
VisualStudioVersion = 17.5.2.0
MinimumVisualStudioVersion = 10.0.40219.1
Project("{FAE04EC0-301F-11D3-BF4B-00C04F79EFBC}") = "250224quest", "250224quest.csproj", "{8E604E6C-DAC5-75CF-3646-6A755F024CFB}"
EndProject
Project("{FAE04EC0-301F-11D3-BF4B-00C04F79EFBC}") = "Study9", "..\Study9\Study9.csproj", "{547BF36A-8B90-4FCA-8DBE-59DE3F11884E}"
EndProject
Global
	GlobalSection(SolutionConfigurationPlatforms) = preSolution
		Debug|Any CPU = Debug|Any CPU
		Release|Any CPU = Release|Any CPU
	EndGlobalSection
	GlobalSection(ProjectConfigurationPlatforms) = postSolution
		{8E604E6C-DAC5-75CF-3646-6A755F024CFB}.Debug|Any CPU.ActiveCfg = Debug|Any CPU
		{8E604E6C-DAC5-75CF-3646-6A755F024CFB}.Debug|Any CPU.Build.0 = Debug|Any CPU
		{8E604E6C-DAC5-75CF-3646-6A755F024CFB}.Release|Any CPU.ActiveCfg = Release|Any CPU
		{8E604E6C-DAC5-75CF-3646-6A755F024CFB}.Release|Any CPU.Build.0 = Release|Any CPU
		{547BF36A-8B90-4FCA-8DBE-59DE3F11884E}.Debug|Any CPU.ActiveCfg = Debug|Any CPU
		{547BF36A-8B90-4FCA-8DBE-59DE3F11884E}.Debug|Any CPU.Build.0 = Debug|Any CPU
		{547BF36A-8B90-4FCA-8DBE-59DE3F11884E}.Release|Any CPU.ActiveCfg = Release|Any CPU
		{547BF36A-8B90-4FCA-8DBE-59DE3F11884E}.Release|Any CPU.Build.0 = Release|Any CPU
	EndGlobalSection
	GlobalSection(SolutionProperties) = preSolution
		HideSolutionNode = FALSE
	EndGlobalSection
	GlobalSection(ExtensibilityGlobals) = postSolution
		SolutionGuid = {42B9C4A8-96C7-4E72-AC07-A2A6F5B53EF3}
	EndGlobalSection
EndGlobal
