Microsoft Visual Studio Solution File, Format Version 12.00
# Visual Studio Version 17
VisualStudioVersion = 17.5.2.0
MinimumVisualStudioVersion = 10.0.40219.1
Project("{FAE04EC0-301F-11D3-BF4B-00C04F79EFBC}") = "Study43", "Study43.csproj", "{9A9232CE-F6FD-0A80-9B81-06929E8305F8}"
EndProject
Project("{FAE04EC0-301F-11D3-BF4B-00C04F79EFBC}") = "InterfaceExam", "..\InterfaceExam\InterfaceExam.csproj", "{ABBE03DF-A0E8-492A-B2F9-FF1F4E528E3F}"
EndProject
Global
	GlobalSection(SolutionConfigurationPlatforms) = preSolution
		Debug|Any CPU = Debug|Any CPU
		Release|Any CPU = Release|Any CPU
	EndGlobalSection
	GlobalSection(ProjectConfigurationPlatforms) = postSolution
		{9A9232CE-F6FD-0A80-9B81-06929E8305F8}.Debug|Any CPU.ActiveCfg = Debug|Any CPU
		{9A9232CE-F6FD-0A80-9B81-06929E8305F8}.Debug|Any CPU.Build.0 = Debug|Any CPU
		{9A9232CE-F6FD-0A80-9B81-06929E8305F8}.Release|Any CPU.ActiveCfg = Release|Any CPU
		{9A9232CE-F6FD-0A80-9B81-06929E8305F8}.Release|Any CPU.Build.0 = Release|Any CPU
		{ABBE03DF-A0E8-492A-B2F9-FF1F4E528E3F}.Debug|Any CPU.ActiveCfg = Debug|Any CPU
		{ABBE03DF-A0E8-492A-B2F9-FF1F4E528E3F}.Debug|Any CPU.Build.0 = Debug|Any CPU
		{ABBE03DF-A0E8-492A-B2F9-FF1F4E528E3F}.Release|Any CPU.ActiveCfg = Release|Any CPU
		{ABBE03DF-A0E8-492A-B2F9-FF1F4E528E3F}.Release|Any CPU.Build.0 = Release|Any CPU
	EndGlobalSection
	GlobalSection(SolutionProperties) = preSolution
		HideSolutionNode = FALSE
	EndGlobalSection
	GlobalSection(ExtensibilityGlobals) = postSolution
		SolutionGuid = {F8E7339D-6054-4C39-BA20-6F13A074D0A1}
	EndGlobalSection
EndGlobal
