Microsoft Visual Studio Solution File, Format Version 12.00
# Visual Studio Version 17
VisualStudioVersion = 17.5.2.0
MinimumVisualStudioVersion = 10.0.40219.1
Project("{FAE04EC0-301F-11D3-BF4B-00C04F79EFBC}") = "Delegate", "Delegate.csproj", "{C2C03BC7-65CE-213B-9A7A-C5D22A50E7EB}"
EndProject
Project("{FAE04EC0-301F-11D3-BF4B-00C04F79EFBC}") = "Event", "..\Event\Event.csproj", "{79E2B094-2ABA-4D07-8D1D-F1B7E19F9B4F}"
EndProject
Global
	GlobalSection(SolutionConfigurationPlatforms) = preSolution
		Debug|Any CPU = Debug|Any CPU
		Release|Any CPU = Release|Any CPU
	EndGlobalSection
	GlobalSection(ProjectConfigurationPlatforms) = postSolution
		{C2C03BC7-65CE-213B-9A7A-C5D22A50E7EB}.Debug|Any CPU.ActiveCfg = Debug|Any CPU
		{C2C03BC7-65CE-213B-9A7A-C5D22A50E7EB}.Debug|Any CPU.Build.0 = Debug|Any CPU
		{C2C03BC7-65CE-213B-9A7A-C5D22A50E7EB}.Release|Any CPU.ActiveCfg = Release|Any CPU
		{C2C03BC7-65CE-213B-9A7A-C5D22A50E7EB}.Release|Any CPU.Build.0 = Release|Any CPU
		{79E2B094-2ABA-4D07-8D1D-F1B7E19F9B4F}.Debug|Any CPU.ActiveCfg = Debug|Any CPU
		{79E2B094-2ABA-4D07-8D1D-F1B7E19F9B4F}.Debug|Any CPU.Build.0 = Debug|Any CPU
		{79E2B094-2ABA-4D07-8D1D-F1B7E19F9B4F}.Release|Any CPU.ActiveCfg = Release|Any CPU
		{79E2B094-2ABA-4D07-8D1D-F1B7E19F9B4F}.Release|Any CPU.Build.0 = Release|Any CPU
	EndGlobalSection
	GlobalSection(SolutionProperties) = preSolution
		HideSolutionNode = FALSE
	EndGlobalSection
	GlobalSection(ExtensibilityGlobals) = postSolution
		SolutionGuid = {E2AFCD21-B628-44C6-A542-90394877E35B}
	EndGlobalSection
EndGlobal
