Microsoft Visual Studio Solution File, Format Version 12.00
# Visual Studio Version 17
VisualStudioVersion = 17.5.2.0
MinimumVisualStudioVersion = 10.0.40219.1
Project("{FAE04EC0-301F-11D3-BF4B-00C04F79EFBC}") = "TEXTRPG_practice", "TEXTRPG_practice.csproj", "{EAE9BCDB-20BE-8E63-C347-031897B13475}"
EndProject
Project("{FAE04EC0-301F-11D3-BF4B-00C04F79EFBC}") = "Delegate", "..\Delegate\Delegate.csproj", "{15BBA548-5032-46DF-B5BE-973220E8215E}"
EndProject
Global
	GlobalSection(SolutionConfigurationPlatforms) = preSolution
		Debug|Any CPU = Debug|Any CPU
		Release|Any CPU = Release|Any CPU
	EndGlobalSection
	GlobalSection(ProjectConfigurationPlatforms) = postSolution
		{EAE9BCDB-20BE-8E63-C347-031897B13475}.Debug|Any CPU.ActiveCfg = Debug|Any CPU
		{EAE9BCDB-20BE-8E63-C347-031897B13475}.Debug|Any CPU.Build.0 = Debug|Any CPU
		{EAE9BCDB-20BE-8E63-C347-031897B13475}.Release|Any CPU.ActiveCfg = Release|Any CPU
		{EAE9BCDB-20BE-8E63-C347-031897B13475}.Release|Any CPU.Build.0 = Release|Any CPU
		{15BBA548-5032-46DF-B5BE-973220E8215E}.Debug|Any CPU.ActiveCfg = Debug|Any CPU
		{15BBA548-5032-46DF-B5BE-973220E8215E}.Debug|Any CPU.Build.0 = Debug|Any CPU
		{15BBA548-5032-46DF-B5BE-973220E8215E}.Release|Any CPU.ActiveCfg = Release|Any CPU
		{15BBA548-5032-46DF-B5BE-973220E8215E}.Release|Any CPU.Build.0 = Release|Any CPU
	EndGlobalSection
	GlobalSection(SolutionProperties) = preSolution
		HideSolutionNode = FALSE
	EndGlobalSection
	GlobalSection(ExtensibilityGlobals) = postSolution
		SolutionGuid = {C2CEA24F-98D1-4DCC-B8E2-8E5DF15F96D2}
	EndGlobalSection
EndGlobal
