Microsoft Visual Studio Solution File, Format Version 12.00
# Visual Studio Version 17
VisualStudioVersion = 17.5.2.0
MinimumVisualStudioVersion = 10.0.40219.1
Project("{FAE04EC0-301F-11D3-BF4B-00C04F79EFBC}") = "Study16", "Study16.csproj", "{191372CC-BF28-D260-B019-1DC1781E32A4}"
EndProject
Project("{FAE04EC0-301F-11D3-BF4B-00C04F79EFBC}") = "Study17", "..\Study17\Study17.csproj", "{9F483A6C-2650-4302-8264-584275E37B82}"
EndProject
Global
	GlobalSection(SolutionConfigurationPlatforms) = preSolution
		Debug|Any CPU = Debug|Any CPU
		Release|Any CPU = Release|Any CPU
	EndGlobalSection
	GlobalSection(ProjectConfigurationPlatforms) = postSolution
		{191372CC-BF28-D260-B019-1DC1781E32A4}.Debug|Any CPU.ActiveCfg = Debug|Any CPU
		{191372CC-BF28-D260-B019-1DC1781E32A4}.Debug|Any CPU.Build.0 = Debug|Any CPU
		{191372CC-BF28-D260-B019-1DC1781E32A4}.Release|Any CPU.ActiveCfg = Release|Any CPU
		{191372CC-BF28-D260-B019-1DC1781E32A4}.Release|Any CPU.Build.0 = Release|Any CPU
		{9F483A6C-2650-4302-8264-584275E37B82}.Debug|Any CPU.ActiveCfg = Debug|Any CPU
		{9F483A6C-2650-4302-8264-584275E37B82}.Debug|Any CPU.Build.0 = Debug|Any CPU
		{9F483A6C-2650-4302-8264-584275E37B82}.Release|Any CPU.ActiveCfg = Release|Any CPU
		{9F483A6C-2650-4302-8264-584275E37B82}.Release|Any CPU.Build.0 = Release|Any CPU
	EndGlobalSection
	GlobalSection(SolutionProperties) = preSolution
		HideSolutionNode = FALSE
	EndGlobalSection
	GlobalSection(ExtensibilityGlobals) = postSolution
		SolutionGuid = {38DFD2E0-F72D-4C94-A264-EBB917FE2348}
	EndGlobalSection
EndGlobal
