Microsoft Visual Studio Solution File, Format Version 12.00
# Visual Studio Version 17
VisualStudioVersion = 17.5.2.0
MinimumVisualStudioVersion = 10.0.40219.1
Project("{FAE04EC0-301F-11D3-BF4B-00C04F79EFBC}") = "250225quest", "250225quest.csproj", "{EBF01A42-6FB6-722E-C878-94F3A8AECB99}"
EndProject
Project("{FAE04EC0-301F-11D3-BF4B-00C04F79EFBC}") = "Study10", "..\Study10\Study10.csproj", "{6EB4743E-18B6-4D9A-9109-2056118B14D0}"
EndProject
Global
	GlobalSection(SolutionConfigurationPlatforms) = preSolution
		Debug|Any CPU = Debug|Any CPU
		Release|Any CPU = Release|Any CPU
	EndGlobalSection
	GlobalSection(ProjectConfigurationPlatforms) = postSolution
		{EBF01A42-6FB6-722E-C878-94F3A8AECB99}.Debug|Any CPU.ActiveCfg = Debug|Any CPU
		{EBF01A42-6FB6-722E-C878-94F3A8AECB99}.Debug|Any CPU.Build.0 = Debug|Any CPU
		{EBF01A42-6FB6-722E-C878-94F3A8AECB99}.Release|Any CPU.ActiveCfg = Release|Any CPU
		{EBF01A42-6FB6-722E-C878-94F3A8AECB99}.Release|Any CPU.Build.0 = Release|Any CPU
		{6EB4743E-18B6-4D9A-9109-2056118B14D0}.Debug|Any CPU.ActiveCfg = Debug|Any CPU
		{6EB4743E-18B6-4D9A-9109-2056118B14D0}.Debug|Any CPU.Build.0 = Debug|Any CPU
		{6EB4743E-18B6-4D9A-9109-2056118B14D0}.Release|Any CPU.ActiveCfg = Release|Any CPU
		{6EB4743E-18B6-4D9A-9109-2056118B14D0}.Release|Any CPU.Build.0 = Release|Any CPU
	EndGlobalSection
	GlobalSection(SolutionProperties) = preSolution
		HideSolutionNode = FALSE
	EndGlobalSection
	GlobalSection(ExtensibilityGlobals) = postSolution
		SolutionGuid = {60234B6E-2E87-4684-A847-71CD418F6006}
	EndGlobalSection
EndGlobal
