Microsoft Visual Studio Solution File, Format Version 12.00
# Visual Studio Version 17
VisualStudioVersion = 17.5.2.0
MinimumVisualStudioVersion = 10.0.40219.1
Project("{FAE04EC0-301F-11D3-BF4B-00C04F79EFBC}") = "InterfaceExam2", "InterfaceExam2.csproj", "{B5C7E78B-3D6D-D080-35A8-CC3AA57C7F4B}"
EndProject
Global
	GlobalSection(SolutionConfigurationPlatforms) = preSolution
		Debug|Any CPU = Debug|Any CPU
		Release|Any CPU = Release|Any CPU
	EndGlobalSection
	GlobalSection(ProjectConfigurationPlatforms) = postSolution
		{B5C7E78B-3D6D-D080-35A8-CC3AA57C7F4B}.Debug|Any CPU.ActiveCfg = Debug|Any CPU
		{B5C7E78B-3D6D-D080-35A8-CC3AA57C7F4B}.Debug|Any CPU.Build.0 = Debug|Any CPU
		{B5C7E78B-3D6D-D080-35A8-CC3AA57C7F4B}.Release|Any CPU.ActiveCfg = Release|Any CPU
		{B5C7E78B-3D6D-D080-35A8-CC3AA57C7F4B}.Release|Any CPU.Build.0 = Release|Any CPU
	EndGlobalSection
	GlobalSection(SolutionProperties) = preSolution
		HideSolutionNode = FALSE
	EndGlobalSection
	GlobalSection(ExtensibilityGlobals) = postSolution
		SolutionGuid = {A5F0F5E1-5767-4C61-AC58-40F3FD157866}
	EndGlobalSection
EndGlobal
