Microsoft Visual Studio Solution File, Format Version 12.00
# Visual Studio Version 17
VisualStudioVersion = 17.5.2.0
MinimumVisualStudioVersion = 10.0.40219.1
Project("{FAE04EC0-301F-11D3-BF4B-00C04F79EFBC}") = "Study38", "Study38.csproj", "{9B4A23BA-BE99-65E0-99CF-A4DAB1DCD595}"
EndProject
Project("{FAE04EC0-301F-11D3-BF4B-00C04F79EFBC}") = "Study39", "..\Study39\Study39.csproj", "{213ED646-30D8-4402-AFB6-F1C31EC0AE50}"
EndProject
Global
	GlobalSection(SolutionConfigurationPlatforms) = preSolution
		Debug|Any CPU = Debug|Any CPU
		Release|Any CPU = Release|Any CPU
	EndGlobalSection
	GlobalSection(ProjectConfigurationPlatforms) = postSolution
		{9B4A23BA-BE99-65E0-99CF-A4DAB1DCD595}.Debug|Any CPU.ActiveCfg = Debug|Any CPU
		{9B4A23BA-BE99-65E0-99CF-A4DAB1DCD595}.Debug|Any CPU.Build.0 = Debug|Any CPU
		{9B4A23BA-BE99-65E0-99CF-A4DAB1DCD595}.Release|Any CPU.ActiveCfg = Release|Any CPU
		{9B4A23BA-BE99-65E0-99CF-A4DAB1DCD595}.Release|Any CPU.Build.0 = Release|Any CPU
		{213ED646-30D8-4402-AFB6-F1C31EC0AE50}.Debug|Any CPU.ActiveCfg = Debug|Any CPU
		{213ED646-30D8-4402-AFB6-F1C31EC0AE50}.Debug|Any CPU.Build.0 = Debug|Any CPU
		{213ED646-30D8-4402-AFB6-F1C31EC0AE50}.Release|Any CPU.ActiveCfg = Release|Any CPU
		{213ED646-30D8-4402-AFB6-F1C31EC0AE50}.Release|Any CPU.Build.0 = Release|Any CPU
	EndGlobalSection
	GlobalSection(SolutionProperties) = preSolution
		HideSolutionNode = FALSE
	EndGlobalSection
	GlobalSection(ExtensibilityGlobals) = postSolution
		SolutionGuid = {8A1851DC-C819-4F15-B606-5C59E4229529}
	EndGlobalSection
EndGlobal
