Microsoft Visual Studio Solution File, Format Version 12.00
# Visual Studio Version 17
VisualStudioVersion = 17.5.2.0
MinimumVisualStudioVersion = 10.0.40219.1
Project("{FAE04EC0-301F-11D3-BF4B-00C04F79EFBC}") = "ShootingGame", "ShootingGame.csproj", "{1E5A1B51-228F-D301-D78A-869527F7F9E0}"
EndProject
Project("{FAE04EC0-301F-11D3-BF4B-00C04F79EFBC}") = "Study22", "..\Study22\Study22.csproj", "{FB677C9D-7300-4F6C-BFE0-379F1B9E322F}"
EndProject
Global
	GlobalSection(SolutionConfigurationPlatforms) = preSolution
		Debug|Any CPU = Debug|Any CPU
		Release|Any CPU = Release|Any CPU
	EndGlobalSection
	GlobalSection(ProjectConfigurationPlatforms) = postSolution
		{1E5A1B51-228F-D301-D78A-869527F7F9E0}.Debug|Any CPU.ActiveCfg = Debug|Any CPU
		{1E5A1B51-228F-D301-D78A-869527F7F9E0}.Debug|Any CPU.Build.0 = Debug|Any CPU
		{1E5A1B51-228F-D301-D78A-869527F7F9E0}.Release|Any CPU.ActiveCfg = Release|Any CPU
		{1E5A1B51-228F-D301-D78A-869527F7F9E0}.Release|Any CPU.Build.0 = Release|Any CPU
		{FB677C9D-7300-4F6C-BFE0-379F1B9E322F}.Debug|Any CPU.ActiveCfg = Debug|Any CPU
		{FB677C9D-7300-4F6C-BFE0-379F1B9E322F}.Debug|Any CPU.Build.0 = Debug|Any CPU
		{FB677C9D-7300-4F6C-BFE0-379F1B9E322F}.Release|Any CPU.ActiveCfg = Release|Any CPU
		{FB677C9D-7300-4F6C-BFE0-379F1B9E322F}.Release|Any CPU.Build.0 = Release|Any CPU
	EndGlobalSection
	GlobalSection(SolutionProperties) = preSolution
		HideSolutionNode = FALSE
	EndGlobalSection
	GlobalSection(ExtensibilityGlobals) = postSolution
		SolutionGuid = {2C1D411F-78EC-4CBE-953F-4CE52DF46188}
	EndGlobalSection
EndGlobal
