Microsoft Visual Studio Solution File, Format Version 12.00
# Visual Studio Version 17
VisualStudioVersion = 17.5.2.0
MinimumVisualStudioVersion = 10.0.40219.1
Project("{FAE04EC0-301F-11D3-BF4B-00C04F79EFBC}") = "Study9", "Study9.csproj", "{223C87B4-B87F-9695-024E-F5B46C7DACFA}"
EndProject
Project("{FAE04EC0-301F-11D3-BF4B-00C04F79EFBC}") = "project대장장이길들이기", "..\project대장장이길들이기\project대장장이길들이기.csproj", "{E88F63CC-355B-44BB-A5F9-7CDDE97B41D7}"
EndProject
Project("{FAE04EC0-301F-11D3-BF4B-00C04F79EFBC}") = "250225quest", "..\250225quest\250225quest.csproj", "{06C23D26-FE3D-4C43-A0E0-F7325568E4FC}"
EndProject
Global
	GlobalSection(SolutionConfigurationPlatforms) = preSolution
		Debug|Any CPU = Debug|Any CPU
		Release|Any CPU = Release|Any CPU
	EndGlobalSection
	GlobalSection(ProjectConfigurationPlatforms) = postSolution
		{223C87B4-B87F-9695-024E-F5B46C7DACFA}.Debug|Any CPU.ActiveCfg = Debug|Any CPU
		{223C87B4-B87F-9695-024E-F5B46C7DACFA}.Debug|Any CPU.Build.0 = Debug|Any CPU
		{223C87B4-B87F-9695-024E-F5B46C7DACFA}.Release|Any CPU.ActiveCfg = Release|Any CPU
		{223C87B4-B87F-9695-024E-F5B46C7DACFA}.Release|Any CPU.Build.0 = Release|Any CPU
		{E88F63CC-355B-44BB-A5F9-7CDDE97B41D7}.Debug|Any CPU.ActiveCfg = Debug|Any CPU
		{E88F63CC-355B-44BB-A5F9-7CDDE97B41D7}.Debug|Any CPU.Build.0 = Debug|Any CPU
		{E88F63CC-355B-44BB-A5F9-7CDDE97B41D7}.Release|Any CPU.ActiveCfg = Release|Any CPU
		{E88F63CC-355B-44BB-A5F9-7CDDE97B41D7}.Release|Any CPU.Build.0 = Release|Any CPU
		{06C23D26-FE3D-4C43-A0E0-F7325568E4FC}.Debug|Any CPU.ActiveCfg = Debug|Any CPU
		{06C23D26-FE3D-4C43-A0E0-F7325568E4FC}.Debug|Any CPU.Build.0 = Debug|Any CPU
		{06C23D26-FE3D-4C43-A0E0-F7325568E4FC}.Release|Any CPU.ActiveCfg = Release|Any CPU
		{06C23D26-FE3D-4C43-A0E0-F7325568E4FC}.Release|Any CPU.Build.0 = Release|Any CPU
	EndGlobalSection
	GlobalSection(SolutionProperties) = preSolution
		HideSolutionNode = FALSE
	EndGlobalSection
	GlobalSection(ExtensibilityGlobals) = postSolution
		SolutionGuid = {8E8DAA42-AE18-4EAC-8FE3-E8571EB84141}
	EndGlobalSection
EndGlobal
