Microsoft Visual Studio Solution File, Format Version 12.00
# Visual Studio Version 17
VisualStudioVersion = 17.5.2.0
MinimumVisualStudioVersion = 10.0.40219.1
Project("{FAE04EC0-301F-11D3-BF4B-00C04F79EFBC}") = "TodayTask1", "TodayTask1.csproj", "{948BE597-1272-19CA-BE1F-9A27E941A77C}"
EndProject
Project("{FAE04EC0-301F-11D3-BF4B-00C04F79EFBC}") = "blacktext", "..\blacktext\blacktext.csproj", "{5DD86056-E853-446C-B8C1-2A1950A00577}"
EndProject
Global
	GlobalSection(SolutionConfigurationPlatforms) = preSolution
		Debug|Any CPU = Debug|Any CPU
		Release|Any CPU = Release|Any CPU
	EndGlobalSection
	GlobalSection(ProjectConfigurationPlatforms) = postSolution
		{948BE597-1272-19CA-BE1F-9A27E941A77C}.Debug|Any CPU.ActiveCfg = Debug|Any CPU
		{948BE597-1272-19CA-BE1F-9A27E941A77C}.Debug|Any CPU.Build.0 = Debug|Any CPU
		{948BE597-1272-19CA-BE1F-9A27E941A77C}.Release|Any CPU.ActiveCfg = Release|Any CPU
		{948BE597-1272-19CA-BE1F-9A27E941A77C}.Release|Any CPU.Build.0 = Release|Any CPU
		{5DD86056-E853-446C-B8C1-2A1950A00577}.Debug|Any CPU.ActiveCfg = Debug|Any CPU
		{5DD86056-E853-446C-B8C1-2A1950A00577}.Debug|Any CPU.Build.0 = Debug|Any CPU
		{5DD86056-E853-446C-B8C1-2A1950A00577}.Release|Any CPU.ActiveCfg = Release|Any CPU
		{5DD86056-E853-446C-B8C1-2A1950A00577}.Release|Any CPU.Build.0 = Release|Any CPU
	EndGlobalSection
	GlobalSection(SolutionProperties) = preSolution
		HideSolutionNode = FALSE
	EndGlobalSection
	GlobalSection(ExtensibilityGlobals) = postSolution
		SolutionGuid = {0A6D3F15-8ECB-4E2B-90AE-DE7D52E8FC92}
	EndGlobalSection
EndGlobal
