Microsoft Visual Studio Solution File, Format Version 12.00
# Visual Studio Version 17
VisualStudioVersion = 17.5.2.0
MinimumVisualStudioVersion = 10.0.40219.1
Project("{FAE04EC0-301F-11D3-BF4B-00C04F79EFBC}") = "TEXTRPG", "TEXTRPG.csproj", "{1921A7FE-2A00-728C-D5D1-8956361AC5A8}"
EndProject
Project("{FAE04EC0-301F-11D3-BF4B-00C04F79EFBC}") = "Study43", "..\Study43\Study43.csproj", "{D364B39B-14DE-494A-88ED-739B0C8C5966}"
EndProject
Project("{FAE04EC0-301F-11D3-BF4B-00C04F79EFBC}") = "TEXTRPG_practice", "..\TEXTRPG_practice\TEXTRPG_practice.csproj", "{5BE0D876-3B88-41FD-9120-BDC909CE8C38}"
EndProject
Global
	GlobalSection(SolutionConfigurationPlatforms) = preSolution
		Debug|Any CPU = Debug|Any CPU
		Release|Any CPU = Release|Any CPU
	EndGlobalSection
	GlobalSection(ProjectConfigurationPlatforms) = postSolution
		{1921A7FE-2A00-728C-D5D1-8956361AC5A8}.Debug|Any CPU.ActiveCfg = Debug|Any CPU
		{1921A7FE-2A00-728C-D5D1-8956361AC5A8}.Debug|Any CPU.Build.0 = Debug|Any CPU
		{1921A7FE-2A00-728C-D5D1-8956361AC5A8}.Release|Any CPU.ActiveCfg = Release|Any CPU
		{1921A7FE-2A00-728C-D5D1-8956361AC5A8}.Release|Any CPU.Build.0 = Release|Any CPU
		{D364B39B-14DE-494A-88ED-739B0C8C5966}.Debug|Any CPU.ActiveCfg = Debug|Any CPU
		{D364B39B-14DE-494A-88ED-739B0C8C5966}.Debug|Any CPU.Build.0 = Debug|Any CPU
		{D364B39B-14DE-494A-88ED-739B0C8C5966}.Release|Any CPU.ActiveCfg = Release|Any CPU
		{D364B39B-14DE-494A-88ED-739B0C8C5966}.Release|Any CPU.Build.0 = Release|Any CPU
		{5BE0D876-3B88-41FD-9120-BDC909CE8C38}.Debug|Any CPU.ActiveCfg = Debug|Any CPU
		{5BE0D876-3B88-41FD-9120-BDC909CE8C38}.Debug|Any CPU.Build.0 = Debug|Any CPU
		{5BE0D876-3B88-41FD-9120-BDC909CE8C38}.Release|Any CPU.ActiveCfg = Release|Any CPU
		{5BE0D876-3B88-41FD-9120-BDC909CE8C38}.Release|Any CPU.Build.0 = Release|Any CPU
	EndGlobalSection
	GlobalSection(SolutionProperties) = preSolution
		HideSolutionNode = FALSE
	EndGlobalSection
	GlobalSection(ExtensibilityGlobals) = postSolution
		SolutionGuid = {E63EF46A-04C8-421C-B50F-6D8147BE538D}
	EndGlobalSection
EndGlobal
