Microsoft Visual Studio Solution File, Format Version 12.00
# Visual Studio Version 17
VisualStudioVersion = 17.5.2.0
MinimumVisualStudioVersion = 10.0.40219.1
Project("{FAE04EC0-301F-11D3-BF4B-00C04F79EFBC}") = "Study34", "Study34.csproj", "{98033EF7-9BDF-65EB-EB76-3D26C18B630F}"
EndProject
Project("{FAE04EC0-301F-11D3-BF4B-00C04F79EFBC}") = "Skillsystemstudy", "..\Skillsystemstudy\Skillsystemstudy.csproj", "{1AC3A891-9524-4528-8577-E5751140CEA8}"
EndProject
Global
	GlobalSection(SolutionConfigurationPlatforms) = preSolution
		Debug|Any CPU = Debug|Any CPU
		Release|Any CPU = Release|Any CPU
	EndGlobalSection
	GlobalSection(ProjectConfigurationPlatforms) = postSolution
		{98033EF7-9BDF-65EB-EB76-3D26C18B630F}.Debug|Any CPU.ActiveCfg = Debug|Any CPU
		{98033EF7-9BDF-65EB-EB76-3D26C18B630F}.Debug|Any CPU.Build.0 = Debug|Any CPU
		{98033EF7-9BDF-65EB-EB76-3D26C18B630F}.Release|Any CPU.ActiveCfg = Release|Any CPU
		{98033EF7-9BDF-65EB-EB76-3D26C18B630F}.Release|Any CPU.Build.0 = Release|Any CPU
		{1AC3A891-9524-4528-8577-E5751140CEA8}.Debug|Any CPU.ActiveCfg = Debug|Any CPU
		{1AC3A891-9524-4528-8577-E5751140CEA8}.Debug|Any CPU.Build.0 = Debug|Any CPU
		{1AC3A891-9524-4528-8577-E5751140CEA8}.Release|Any CPU.ActiveCfg = Release|Any CPU
		{1AC3A891-9524-4528-8577-E5751140CEA8}.Release|Any CPU.Build.0 = Release|Any CPU
	EndGlobalSection
	GlobalSection(SolutionProperties) = preSolution
		HideSolutionNode = FALSE
	EndGlobalSection
	GlobalSection(ExtensibilityGlobals) = postSolution
		SolutionGuid = {9859A63E-01AA-4042-B2E1-2DA13CC590C9}
	EndGlobalSection
EndGlobal
